// !$*UTF8*$!
{
	archiveVersion = 1;
	classes = {
	};
	objectVersion = 46;
	objects = {

/* Begin PBXBuildFile section */
		923ABEC71E60835700AD7572 /* AppDelegate.swift in Sources */ = {isa = PBXBuildFile; fileRef = 923ABEC61E60835700AD7572 /* AppDelegate.swift */; };
		923ABEC91E60835700AD7572 /* ViewController.swift in Sources */ = {isa = PBXBuildFile; fileRef = 923ABEC81E60835700AD7572 /* ViewController.swift */; };
		923ABECC1E60835700AD7572 /* Main.storyboard in Resources */ = {isa = PBXBuildFile; fileRef = 923ABECA1E60835700AD7572 /* Main.storyboard */; };
		923ABECE1E60835700AD7572 /* Assets.xcassets in Resources */ = {isa = PBXBuildFile; fileRef = 923ABECD1E60835700AD7572 /* Assets.xcassets */; };
		923ABED11E60835700AD7572 /* LaunchScreen.storyboard in Resources */ = {isa = PBXBuildFile; fileRef = 923ABECF1E60835700AD7572 /* LaunchScreen.storyboard */; };
		926BF67E1E6569E9006BD556 /* ShopCell.swift in Sources */ = {isa = PBXBuildFile; fileRef = 926BF67C1E6569E9006BD556 /* ShopCell.swift */; };
		926BF67F1E6569E9006BD556 /* ShopCell.xib in Resources */ = {isa = PBXBuildFile; fileRef = 926BF67D1E6569E9006BD556 /* ShopCell.xib */; };
		926BF6811E656A74006BD556 /* ShopItem.swift in Sources */ = {isa = PBXBuildFile; fileRef = 926BF6801E656A74006BD556 /* ShopItem.swift */; };
		926BF6831E656A98006BD556 /* 1.plist in Resources */ = {isa = PBXBuildFile; fileRef = 926BF6821E656A98006BD556 /* 1.plist */; };
		92ED89F61E67F75D00D98B2C /* WaterFlowLayout.swift in Sources */ = {isa = PBXBuildFile; fileRef = 92ED89F51E67F75D00D98B2C /* WaterFlowLayout.swift */; };
		CB92781009281A23EE9B08E6 /* Pods____.framework in Frameworks */ = {isa = PBXBuildFile; fileRef = FB0C05C3DD338331A1545E96 /* Pods____.framework */; };
/* End PBXBuildFile section */

/* Begin PBXFileReference section */
		1F9DFDB88F92906418A9E567 /* Pods-瀑布流.release.xcconfig */ = {isa = PBXFileReference; includeInIndex = 1; lastKnownFileType = text.xcconfig; name = "Pods-瀑布流.release.xcconfig"; path = "Pods/Target Support Files/Pods-瀑布流/Pods-瀑布流.release.xcconfig"; sourceTree = "<group>"; };
		923ABEC31E60835700AD7572 /* 瀑布流.app */ = {isa = PBXFileReference; explicitFileType = wrapper.application; includeInIndex = 0; path = "瀑布流.app"; sourceTree = BUILT_PRODUCTS_DIR; };
		923ABEC61E60835700AD7572 /* AppDelegate.swift */ = {isa = PBXFileReference; lastKnownFileType = sourcecode.swift; path = AppDelegate.swift; sourceTree = "<group>"; };
		923ABEC81E60835700AD7572 /* ViewController.swift */ = {isa = PBXFileReference; lastKnownFileType = sourcecode.swift; path = ViewController.swift; sourceTree = "<group>"; };
		923ABECB1E60835700AD7572 /* Base */ = {isa = PBXFileReference; lastKnownFileType = file.storyboard; name = Base; path = Base.lproj/Main.storyboard; sourceTree = "<group>"; };
		923ABECD1E60835700AD7572 /* Assets.xcassets */ = {isa = PBXFileReference; lastKnownFileType = folder.assetcatalog; path = Assets.xcassets; sourceTree = "<group>"; };
		923ABED01E60835700AD7572 /* Base */ = {isa = PBXFileReference; lastKnownFileType = file.storyboard; name = Base; path = Base.lproj/LaunchScreen.storyboard; sourceTree = "<group>"; };
		923ABED21E60835700AD7572 /* Info.plist */ = {isa = PBXFileReference; lastKnownFileType = text.plist.xml; path = Info.plist; sourceTree = "<group>"; };
		926BF67C1E6569E9006BD556 /* ShopCell.swift */ = {isa = PBXFileReference; fileEncoding = 4; lastKnownFileType = sourcecode.swift; path = ShopCell.swift; sourceTree = "<group>"; };
		926BF67D1E6569E9006BD556 /* ShopCell.xib */ = {isa = PBXFileReference; fileEncoding = 4; lastKnownFileType = file.xib; path = ShopCell.xib; sourceTree = "<group>"; };
		926BF6801E656A74006BD556 /* ShopItem.swift */ = {isa = PBXFileReference; fileEncoding = 4; lastKnownFileType = sourcecode.swift; path = ShopItem.swift; sourceTree = "<group>"; };
		926BF6821E656A98006BD556 /* 1.plist */ = {isa = PBXFileReference; fileEncoding = 4; lastKnownFileType = text.plist.xml; path = 1.plist; sourceTree = "<group>"; };
		92ED89F51E67F75D00D98B2C /* WaterFlowLayout.swift */ = {isa = PBXFileReference; fileEncoding = 4; lastKnownFileType = sourcecode.swift; path = WaterFlowLayout.swift; sourceTree = "<group>"; };
		B579A7FCF4A92194D60D15CD /* Pods-瀑布流.debug.xcconfig */ = {isa = PBXFileReference; includeInIndex = 1; lastKnownFileType = text.xcconfig; name = "Pods-瀑布流.debug.xcconfig"; path = "Pods/Target Support Files/Pods-瀑布流/Pods-瀑布流.debug.xcconfig"; sourceTree = "<group>"; };
		FB0C05C3DD338331A1545E96 /* Pods____.framework */ = {isa = PBXFileReference; explicitFileType = wrapper.framework; includeInIndex = 0; path = "Pods____.framework"; sourceTree = BUILT_PRODUCTS_DIR; };
/* End PBXFileReference section */

/* Begin PBXFrameworksBuildPhase section */
		923ABEC01E60835700AD7572 /* Frameworks */ = {
			isa = PBXFrameworksBuildPhase;
			buildActionMask = 2147483647;
			files = (
				CB92781009281A23EE9B08E6 /* Pods____.framework in Frameworks */,
			);
			runOnlyForDeploymentPostprocessing = 0;
		};
/* End PBXFrameworksBuildPhase section */

/* Begin PBXGroup section */
		923ABEBA1E60835700AD7572 = {
			isa = PBXGroup;
			children = (
				923ABEC51E60835700AD7572 /* 瀑布流 */,
				923ABEC41E60835700AD7572 /* Products */,
				C0086E6615D18765238BBC9B /* Pods */,
				E051DF46D057D61AF00F9DE7 /* Frameworks */,
			);
			sourceTree = "<group>";
		};
		923ABEC41E60835700AD7572 /* Products */ = {
			isa = PBXGroup;
			children = (
				923ABEC31E60835700AD7572 /* 瀑布流.app */,
			);
			name = Products;
			sourceTree = "<group>";
		};
		923ABEC51E60835700AD7572 /* 瀑布流 */ = {
			isa = PBXGroup;
			children = (
				923ABEC61E60835700AD7572 /* AppDelegate.swift */,
				923ABEC81E60835700AD7572 /* ViewController.swift */,
				92ED89F51E67F75D00D98B2C /* WaterFlowLayout.swift */,
				926BF67C1E6569E9006BD556 /* ShopCell.swift */,
				926BF67D1E6569E9006BD556 /* ShopCell.xib */,
				926BF6801E656A74006BD556 /* ShopItem.swift */,
				923ABECA1E60835700AD7572 /* Main.storyboard */,
				923ABECD1E60835700AD7572 /* Assets.xcassets */,
				923ABECF1E60835700AD7572 /* LaunchScreen.storyboard */,
				926BF6821E656A98006BD556 /* 1.plist */,
				923ABED21E60835700AD7572 /* Info.plist */,
			);
			path = "瀑布流";
			sourceTree = "<group>";
		};
		C0086E6615D18765238BBC9B /* Pods */ = {
			isa = PBXGroup;
			children = (
				B579A7FCF4A92194D60D15CD /* Pods-瀑布流.debug.xcconfig */,
				1F9DFDB88F92906418A9E567 /* Pods-瀑布流.release.xcconfig */,
			);
			name = Pods;
			sourceTree = "<group>";
		};
		E051DF46D057D61AF00F9DE7 /* Frameworks */ = {
			isa = PBXGroup;
			children = (
				FB0C05C3DD338331A1545E96 /* Pods____.framework */,
			);
			name = Frameworks;
			sourceTree = "<group>";
		};
/* End PBXGroup section */

/* Begin PBXNativeTarget section */
		923ABEC21E60835700AD7572 /* 瀑布流 */ = {
			isa = PBXNativeTarget;
			buildConfigurationList = 923ABED51E60835700AD7572 /* Build configuration list for PBXNativeTarget "瀑布流" */;
			buildPhases = (
				69929A9F101757BF80BA18B1 /* [CP] Check Pods Manifest.lock */,
				923ABEBF1E60835700AD7572 /* Sources */,
				923ABEC01E60835700AD7572 /* Frameworks */,
				923ABEC11E60835700AD7572 /* Resources */,
				76C4F0A8A190EE5D9997BE13 /* [CP] Embed Pods Frameworks */,
				8C88EDFA4A114EC74AD7C802 /* [CP] Copy Pods Resources */,
			);
			buildRules = (
			);
			dependencies = (
			);
			name = "瀑布流";
			productName = "瀑布流";
			productReference = 923ABEC31E60835700AD7572 /* 瀑布流.app */;
			productType = "com.apple.product-type.application";
		};
/* End PBXNativeTarget section */

/* Begin PBXProject section */
		923ABEBB1E60835700AD7572 /* Project object */ = {
			isa = PBXProject;
			attributes = {
				LastSwiftUpdateCheck = 0730;
				LastUpgradeCheck = 0730;
				ORGANIZATIONNAME = SLZeng;
				TargetAttributes = {
					923ABEC21E60835700AD7572 = {
						CreatedOnToolsVersion = 7.3.1;
					};
				};
			};
			buildConfigurationList = 923ABEBE1E60835700AD7572 /* Build configuration list for PBXProject "瀑布流" */;
			compatibilityVersion = "Xcode 3.2";
			developmentRegion = English;
			hasScannedForEncodings = 0;
			knownRegions = (
				en,
				Base,
			);
			mainGroup = 923ABEBA1E60835700AD7572;
			productRefGroup = 923ABEC41E60835700AD7572 /* Products */;
			projectDirPath = "";
			projectRoot = "";
			targets = (
				923ABEC21E60835700AD7572 /* 瀑布流 */,
			);
		};
/* End PBXProject section */

/* Begin PBXResourcesBuildPhase section */
		923ABEC11E60835700AD7572 /* Resources */ = {
			isa = PBXResourcesBuildPhase;
			buildActionMask = 2147483647;
			files = (
				926BF6831E656A98006BD556 /* 1.plist in Resources */,
				923ABED11E60835700AD7572 /* LaunchScreen.storyboard in Resources */,
				923ABECE1E60835700AD7572 /* Assets.xcassets in Resources */,
				923ABECC1E60835700AD7572 /* Main.storyboard in Resources */,
				926BF67F1E6569E9006BD556 /* ShopCell.xib in Resources */,
			);
			runOnlyForDeploymentPostprocessing = 0;
		};
/* End PBXResourcesBuildPhase section */

/* Begin PBXShellScriptBuildPhase section */
		69929A9F101757BF80BA18B1 /* [CP] Check Pods Manifest.lock */ = {
			isa = PBXShellScriptBuildPhase;
			buildActionMask = 2147483647;
			files = (
			);
			inputPaths = (
			);
			name = "[CP] Check Pods Manifest.lock";
			outputPaths = (
			);
			runOnlyForDeploymentPostprocessing = 0;
			shellPath = /bin/sh;
			shellScript = "diff \"${PODS_ROOT}/../Podfile.lock\" \"${PODS_ROOT}/Manifest.lock\" > /dev/null\nif [[ $? != 0 ]] ; then\n    cat << EOM\nerror: The sandbox is not in sync with the Podfile.lock. Run 'pod install' or update your CocoaPods installation.\nEOM\n    exit 1\nfi\n";
			showEnvVarsInLog = 0;
		};
		76C4F0A8A190EE5D9997BE13 /* [CP] Embed Pods Frameworks */ = {
			isa = PBXShellScriptBuildPhase;
			buildActionMask = 2147483647;
			files = (
			);
			inputPaths = (
			);
			name = "[CP] Embed Pods Frameworks";
			outputPaths = (
			);
			runOnlyForDeploymentPostprocessing = 0;
			shellPath = /bin/sh;
			shellScript = "\"${SRCROOT}/Pods/Target Support Files/Pods-瀑布流/Pods-瀑布流-frameworks.sh\"\n";
			showEnvVarsInLog = 0;
		};
		8C88EDFA4A114EC74AD7C802 /* [CP] Copy Pods Resources */ = {
			isa = PBXShellScriptBuildPhase;
			buildActionMask = 2147483647;
			files = (
			);
			inputPaths = (
			);
			name = "[CP] Copy Pods Resources";
			outputPaths = (
			);
			runOnlyForDeploymentPostprocessing = 0;
			shellPath = /bin/sh;
			shellScript = "\"${SRCROOT}/Pods/Target Support Files/Pods-瀑布流/Pods-瀑布流-resources.sh\"\n";
			showEnvVarsInLog = 0;
		};
/* End PBXShellScriptBuildPhase section */

/* Begin PBXSourcesBuildPhase section */
		923ABEBF1E60835700AD7572 /* Sources */ = {
			isa = PBXSourcesBuildPhase;
			buildActionMask = 2147483647;
			files = (
				92ED89F61E67F75D00D98B2C /* WaterFlowLayout.swift in Sources */,
				923ABEC91E60835700AD7572 /* ViewController.swift in Sources */,
				926BF67E1E6569E9006BD556 /* ShopCell.swift in Sources */,
				926BF6811E656A74006BD556 /* ShopItem.swift in Sources */,
				923ABEC71E60835700AD7572 /* AppDelegate.swift in Sources */,
			);
			runOnlyForDeploymentPostprocessing = 0;
		};
/* End PBXSourcesBuildPhase section */

/* Begin PBXVariantGroup section */
		923ABECA1E60835700AD7572 /* Main.storyboard */ = {
			isa = PBXVariantGroup;
			children = (
				923ABECB1E60835700AD7572 /* Base */,
			);
			name = Main.storyboard;
			sourceTree = "<group>";
		};
		923ABECF1E60835700AD7572 /* LaunchScreen.storyboard */ = {
			isa = PBXVariantGroup;
			children = (
				923ABED01E60835700AD7572 /* Base */,
			);
			name = LaunchScreen.storyboard;
			sourceTree = "<group>";
		};
/* End PBXVariantGroup section */

/* Begin XCBuildConfiguration section */
		923ABED31E60835700AD7572 /* Debug */ = {
			isa = XCBuildConfiguration;
			buildSettings = {
				ALWAYS_SEARCH_USER_PATHS = NO;
				CLANG_ANALYZER_NONNULL = YES;
				CLANG_CXX_LANGUAGE_STANDARD = "gnu++0x";
				CLANG_CXX_LIBRARY = "libc++";
				CLANG_ENABLE_MODULES = YES;
				CLANG_ENABLE_OBJC_ARC = YES;
				CLANG_WARN_BOOL_CONVERSION = YES;
				CLANG_WARN_CONSTANT_CONVERSION = YES;
				CLANG_WARN_DIRECT_OBJC_ISA_USAGE = YES_ERROR;
				CLANG_WARN_EMPTY_BODY = YES;
				CLANG_WARN_ENUM_CONVERSION = YES;
				CLANG_WARN_INT_CONVERSION = YES;
				CLANG_WARN_OBJC_ROOT_CLASS = YES_ERROR;
				CLANG_WARN_UNREACHABLE_CODE = YES;
				CLANG_WARN__DUPLICATE_METHOD_MATCH = YES;
				"CODE_SIGN_IDENTITY[sdk=iphoneos*]" = "iPhone Developer";
				COPY_PHASE_STRIP = NO;
				DEBUG_INFORMATION_FORMAT = dwarf;
				ENABLE_STRICT_OBJC_MSGSEND = YES;
				ENABLE_TESTABILITY = YES;
				GCC_C_LANGUAGE_STANDARD = gnu99;
				GCC_DYNAMIC_NO_PIC = NO;
				GCC_NO_COMMON_BLOCKS = YES;
				GCC_OPTIMIZATION_LEVEL = 0;
				GCC_PREPROCESSOR_DEFINITIONS = (
					"DEBUG=1",
					"$(inherited)",
				);
				GCC_WARN_64_TO_32_BIT_CONVERSION = YES;
				GCC_WARN_ABOUT_RETURN_TYPE = YES_ERROR;
				GCC_WARN_UNDECLARED_SELECTOR = YES;
				GCC_WARN_UNINITIALIZED_AUTOS = YES_AGGRESSIVE;
				GCC_WARN_UNUSED_FUNCTION = YES;
				GCC_WARN_UNUSED_VARIABLE = YES;
				IPHONEOS_DEPLOYMENT_TARGET = 9.3;
				MTL_ENABLE_DEBUG_INFO = YES;
				ONLY_ACTIVE_ARCH = YES;
				SDKROOT = iphoneos;
				SWIFT_OPTIMIZATION_LEVEL = "-Onone";
			};
			name = Debug;
		};
		923ABED41E60835700AD7572 /* Release */ = {
			isa = XCBuildConfiguration;
			buildSettings = {
				ALWAYS_SEARCH_USER_PATHS = NO;
				CLANG_ANALYZER_NONNULL = YES;
				CLANG_CXX_LANGUAGE_STANDARD = "gnu++0x";
				CLANG_CXX_LIBRARY = "libc++";
				CLANG_ENABLE_MODULES = YES;
				CLANG_ENABLE_OBJC_ARC = YES;
				CLANG_WARN_BOOL_CONVERSION = YES;
				CLANG_WARN_CONSTANT_CONVERSION = YES;
				CLANG_WARN_DIRECT_OBJC_ISA_USAGE = YES_ERROR;
				CLANG_WARN_EMPTY_BODY = YES;
				CLANG_WARN_ENUM_CONVERSION = YES;
				CLANG_WARN_INT_CONVERSION = YES;
				CLANG_WARN_OBJC_ROOT_CLASS = YES_ERROR;
				CLANG_WARN_UNREACHABLE_CODE = YES;
				CLANG_WARN__DUPLICATE_METHOD_MATCH = YES;
				"CODE_SIGN_IDENTITY[sdk=iphoneos*]" = "iPhone Developer";
				COPY_PHASE_STRIP = NO;
				DEBUG_INFORMATION_FORMAT = "dwarf-with-dsym";
				ENABLE_NS_ASSERTIONS = NO;
				ENABLE_STRICT_OBJC_MSGSEND = YES;
				GCC_C_LANGUAGE_STANDARD = gnu99;
				GCC_NO_COMMON_BLOCKS = YES;
				GCC_WARN_64_TO_32_BIT_CONVERSION = YES;
				GCC_WARN_ABOUT_RETURN_TYPE = YES_ERROR;
				GCC_WARN_UNDECLARED_SELECTOR = YES;
				GCC_WARN_UNINITIALIZED_AUTOS = YES_AGGRESSIVE;
				GCC_WARN_UNUSED_FUNCTION = YES;
				GCC_WARN_UNUSED_VARIABLE = YES;
				IPHONEOS_DEPLOYMENT_TARGET = 9.3;
				MTL_ENABLE_DEBUG_INFO = NO;
				SDKROOT = iphoneos;
				VALIDATE_PRODUCT = YES;
			};
			name = Release;
		};
		923ABED61E60835700AD7572 /* Debug */ = {
			isa = XCBuildConfiguration;
			baseConfigurationReference = B579A7FCF4A92194D60D15CD /* Pods-瀑布流.debug.xcconfig */;
			buildSettings = {
				ASSETCATALOG_COMPILER_APPICON_NAME = AppIcon;
				INFOPLIST_FILE = "瀑布流/Info.plist";
				LD_RUNPATH_SEARCH_PATHS = "$(inherited) @executable_path/Frameworks";
				PRODUCT_BUNDLE_IDENTIFIER = "com.github.---";
				PRODUCT_NAME = "$(TARGET_NAME)";
			};
			name = Debug;
		};
		923ABED71E60835700AD7572 /* Release */ = {
			isa = XCBuildConfiguration;
			baseConfigurationReference = 1F9DFDB88F92906418A9E567 /* Pods-瀑布流.release.xcconfig */;
			buildSettings = {
				ASSETCATALOG_COMPILER_APPICON_NAME = AppIcon;
				INFOPLIST_FILE = "瀑布流/Info.plist";
				LD_RUNPATH_SEARCH_PATHS = "$(inherited) @executable_path/Frameworks";
				PRODUCT_BUNDLE_IDENTIFIER = "com.github.---";
				PRODUCT_NAME = "$(TARGET_NAME)";
			};
			name = Release;
		};
/* End XCBuildConfiguration section */

/* Begin XCConfigurationList section */
		923ABEBE1E60835700AD7572 /* Build configuration list for PBXProject "瀑布流" */ = {
			isa = XCConfigurationList;
			buildConfigurations = (
				923ABED31E60835700AD7572 /* Debug */,
				923ABED41E60835700AD7572 /* Release */,
			);
			defaultConfigurationIsVisible = 0;
			defaultConfigurationName = Release;
		};
		923ABED51E60835700AD7572 /* Build configuration list for PBXNativeTarget "瀑布流" */ = {
			isa = XCConfigurationList;
			buildConfigurations = (
				923ABED61E60835700AD7572 /* Debug */,
				923ABED71E60835700AD7572 /* Release */,
			);
			defaultConfigurationIsVisible = 0;
			defaultConfigurationName = Release;
		};
/* End XCConfigurationList section */
	};
	rootObject = 923ABEBB1E60835700AD7572 /* Project object */;
}
